
Microsoft Visual Studio Solution File, Format Version 12.00
# Visual Studio Version 17
VisualStudioVersion = 17.5.33516.290
MinimumVisualStudioVersion = 10.0.40219.1
Project("{FAE04EC0-301F-11D3-BF4B-00C04F79EFBC}") = "FizzBuzzWeb", "FizzBuzzWeb.csproj", "{C72A93C5-C1A2-4647-9D6F-82BAE2841379}"
EndProject
Global
	GlobalSection(SolutionConfigurationPlatforms) = preSolution
		Debug|Any CPU = Debug|Any CPU
		Release|Any CPU = Release|Any CPU
	EndGlobalSection
	GlobalSection(ProjectConfigurationPlatforms) = postSolution
		{C72A93C5-C1A2-4647-9D6F-82BAE2841379}.Debug|Any CPU.ActiveCfg = Debug|Any CPU
		{C72A93C5-C1A2-4647-9D6F-82BAE2841379}.Debug|Any CPU.Build.0 = Debug|Any CPU
		{C72A93C5-C1A2-4647-9D6F-82BAE2841379}.Release|Any CPU.ActiveCfg = Release|Any CPU
		{C72A93C5-C1A2-4647-9D6F-82BAE2841379}.Release|Any CPU.Build.0 = Release|Any CPU
	EndGlobalSection
	GlobalSection(SolutionProperties) = preSolution
		HideSolutionNode = FALSE
	EndGlobalSection
	GlobalSection(ExtensibilityGlobals) = postSolution
		SolutionGuid = {0E6D7187-31A0-449E-8046-732AE7661F20}
	EndGlobalSection
EndGlobal
